{
  "name": "twitch-clone-demo",
  "version": "1.0.0",
  "lockfileVersion": 3,
  "requires": true,
  "packages": {
    "": {
      "name": "twitch-clone-demo",
      "version": "1.0.0",
      "license": "ISC",
      "dependencies": {
        "classnames": "^2.5.1",
        "emoji-picker-element": "^1.26.3",
        "preact": "^10.26.5"
      },
      "devDependencies": {
        "typescript": "^5.8.3"
      }
    },
    "node_modules/classnames": {
      "version": "2.5.1",
      "resolved": "https://registry.npmjs.org/classnames/-/classnames-2.5.1.tgz",
      "integrity": "sha512-saHYOzhIQs6wy2sVxTM6bUDsQO4F50V9RQ22qBpEdCW+I+/Wmke2HOl6lS6dTpdxVhb88/I6+Hs+438c3lfUow=="
    },
    "node_modules/emoji-picker-element": {
      "version": "1.26.3",
      "resolved": "https://registry.npmjs.org/emoji-picker-element/-/emoji-picker-element-1.26.3.tgz",
      "integrity": "sha512-fOMG44d/3OqTe1pPqlu5H4ZtWg7gK4Le6Bt24JTKtDyce5+EO3Mo8WA95cKHbPSsSsg7ehM12M1x3Y6U6fgvTQ=="
    },
    "node_modules/preact": {
      "version": "10.26.5",
      "resolved": "https://registry.npmjs.org/preact/-/preact-10.26.5.tgz",
      "integrity": "sha512-fmpDkgfGU6JYux9teDWLhj9mKN55tyepwYbxHgQuIxbWQzgFg5vk7Mrrtfx7xRxq798ynkY4DDDxZr235Kk+4w==",
      "funding": {
        "type": "opencollective",
        "url": "https://opencollective.com/preact"
      }
    },
    "node_modules/typescript": {
      "version": "5.8.3",
      "resolved": "https://registry.npmjs.org/typescript/-/typescript-5.8.3.tgz",
      "integrity": "sha512-p1diW6TqL9L07nNxvRMM7hMMw4c5XOo/1ibL4aAIGmSAt9slTE1Xgw5KWuof2uTOvCg9BY7ZRi+GaF+7sfgPeQ==",
      "dev": true,
      "bin": {
        "tsc": "bin/tsc",
        "tsserver": "bin/tsserver"
      },
      "engines": {
        "node": ">=14.17"
      }
    }
  }
}
